
Microsoft Visual Studio Solution File, Format Version 11.00
# Visual Studio 2010
Project("{FAE04EC0-301F-11D3-BF4B-00C04F79EFBC}") = "RectifierMB", "RectifierMB.csproj", "{96624F6A-94F6-4611-AB70-0467AAC38F5B}"
EndProject
Project("{FAE04EC0-301F-11D3-BF4B-00C04F79EFBC}") = "PARLIB", "..\PARLIB\PARLIB.csproj", "{E343BAF4-1DB4-486D-804D-D6C317D63CC5}"
EndProject
Project("{FAE04EC0-301F-11D3-BF4B-00C04F79EFBC}") = "UPAR", "..\UPAR\UPAR.csproj", "{B26ABE6B-83F8-4BFD-AE40-F053FD2096F9}"
EndProject
Project("{FAE04EC0-301F-11D3-BF4B-00C04F79EFBC}") = "Protocol", "..\Protocol\Protocol.csproj", "{F7C68246-EAEA-4E9D-ABA0-5F09DAEA0084}"
EndProject
Project("{FAE04EC0-301F-11D3-BF4B-00C04F79EFBC}") = "RS232", "..\RS232\RS232.csproj", "{C71A249F-8E73-47E1-BCAB-16C31D3F1C7E}"
EndProject
Global
	GlobalSection(SolutionConfigurationPlatforms) = preSolution
		Debug|Any CPU = Debug|Any CPU
		Release|Any CPU = Release|Any CPU
	EndGlobalSection
	GlobalSection(ProjectConfigurationPlatforms) = postSolution
		{96624F6A-94F6-4611-AB70-0467AAC38F5B}.Debug|Any CPU.ActiveCfg = Debug|Any CPU
		{96624F6A-94F6-4611-AB70-0467AAC38F5B}.Debug|Any CPU.Build.0 = Debug|Any CPU
		{96624F6A-94F6-4611-AB70-0467AAC38F5B}.Release|Any CPU.ActiveCfg = Release|Any CPU
		{96624F6A-94F6-4611-AB70-0467AAC38F5B}.Release|Any CPU.Build.0 = Release|Any CPU
		{E343BAF4-1DB4-486D-804D-D6C317D63CC5}.Debug|Any CPU.ActiveCfg = Debug|Any CPU
		{E343BAF4-1DB4-486D-804D-D6C317D63CC5}.Debug|Any CPU.Build.0 = Debug|Any CPU
		{E343BAF4-1DB4-486D-804D-D6C317D63CC5}.Release|Any CPU.ActiveCfg = Release|Any CPU
		{E343BAF4-1DB4-486D-804D-D6C317D63CC5}.Release|Any CPU.Build.0 = Release|Any CPU
		{B26ABE6B-83F8-4BFD-AE40-F053FD2096F9}.Debug|Any CPU.ActiveCfg = Debug|Any CPU
		{B26ABE6B-83F8-4BFD-AE40-F053FD2096F9}.Debug|Any CPU.Build.0 = Debug|Any CPU
		{B26ABE6B-83F8-4BFD-AE40-F053FD2096F9}.Release|Any CPU.ActiveCfg = Release|Any CPU
		{B26ABE6B-83F8-4BFD-AE40-F053FD2096F9}.Release|Any CPU.Build.0 = Release|Any CPU
		{F7C68246-EAEA-4E9D-ABA0-5F09DAEA0084}.Debug|Any CPU.ActiveCfg = Debug|Any CPU
		{F7C68246-EAEA-4E9D-ABA0-5F09DAEA0084}.Debug|Any CPU.Build.0 = Debug|Any CPU
		{F7C68246-EAEA-4E9D-ABA0-5F09DAEA0084}.Release|Any CPU.ActiveCfg = Release|Any CPU
		{F7C68246-EAEA-4E9D-ABA0-5F09DAEA0084}.Release|Any CPU.Build.0 = Release|Any CPU
		{C71A249F-8E73-47E1-BCAB-16C31D3F1C7E}.Debug|Any CPU.ActiveCfg = Debug|Any CPU
		{C71A249F-8E73-47E1-BCAB-16C31D3F1C7E}.Debug|Any CPU.Build.0 = Debug|Any CPU
		{C71A249F-8E73-47E1-BCAB-16C31D3F1C7E}.Release|Any CPU.ActiveCfg = Release|Any CPU
		{C71A249F-8E73-47E1-BCAB-16C31D3F1C7E}.Release|Any CPU.Build.0 = Release|Any CPU
	EndGlobalSection
	GlobalSection(SolutionProperties) = preSolution
		HideSolutionNode = FALSE
	EndGlobalSection
EndGlobal
