
Microsoft Visual Studio Solution File, Format Version 11.00
# Visual Studio 2010
Project("{FAE04EC0-301F-11D3-BF4B-00C04F79EFBC}") = "ResultLib", "ResultLib.csproj", "{D25B66C0-D7C1-440E-A967-06C1BDC0AD91}"
EndProject
Global
	GlobalSection(SolutionConfigurationPlatforms) = preSolution
		Debug|Any CPU = Debug|Any CPU
		Release|Any CPU = Release|Any CPU
	EndGlobalSection
	GlobalSection(ProjectConfigurationPlatforms) = postSolution
		{D25B66C0-D7C1-440E-A967-06C1BDC0AD91}.Debug|Any CPU.ActiveCfg = Debug|Any CPU
		{D25B66C0-D7C1-440E-A967-06C1BDC0AD91}.Debug|Any CPU.Build.0 = Debug|Any CPU
		{D25B66C0-D7C1-440E-A967-06C1BDC0AD91}.Release|Any CPU.ActiveCfg = Release|Any CPU
		{D25B66C0-D7C1-440E-A967-06C1BDC0AD91}.Release|Any CPU.Build.0 = Release|Any CPU
	EndGlobalSection
	GlobalSection(SolutionProperties) = preSolution
		HideSolutionNode = FALSE
	EndGlobalSection
EndGlobal
